lockfileVersion: '9.0'

settings:
  autoInstallPeers: true
  excludeLinksFromLockfile: false

importers:

  .:
    devDependencies:
      '@eslint/js':
        specifier: 10.0.1
        version: 10.0.1(eslint@10.9.0)
      '@types/node':
        specifier: 22.20.1
        version: 22.20.1
      eslint:
        specifier: 10.9.0
        version: 10.9.0
      turbo:
        specifier: 2.10.11
        version: 2.10.11
      typescript:
        specifier: 6.0.3
        version: 6.0.3
      typescript-eslint:
        specifier: 8.67.0
        version: 8.67.0(eslint@10.9.0)(typescript@6.0.3)
      vitest:
        specifier: 4.1.11
        version: 4.1.11(@types/node@22.20.1)(vite@8.2.2(@types/node@22.20.1))

  apps/web:
    dependencies:
      '@supabase/ssr':
        specifier: 0.12.4
        version: 0.12.4(@supabase/supabase-js@2.112.3)
      '@supabase/supabase-js':
        specifier: 2.112.3
        version: 2.112.3
      next:
        specifier: 16.3.2
        version: 16.3.2(@types/node@22.20.1)(react-dom@19.2.8(react@19.2.8))(react@19.2.8)
      react:
        specifier: 19.2.8
        version: 19.2.8
      react-dom:
        specifier: 19.2.8
        version: 19.2.8(react@19.2.8)
    devDependencies:
      '@types/node':
        specifier: 22.20.1
        version: 22.20.1
      '@types/react':
        specifier: 19.2.18
        version: 19.2.18
      '@types/react-dom':
        specifier: 19.2.5
        version: 19.2.5(@types/react@19.2.18)

  apps/worker:
    dependencies:
      '@fitcoach/ai':
        specifier: workspace:*
        version: link:../../packages/ai

  packages/ai:
    dependencies:
      zod:
        specifier: 4.4.3
        version: 4.4.3

  packages/config:
    dependencies:
      zod:
        specifier: 4.4.3
        version: 4.4.3
    devDependencies:
      '@types/node':
        specifier: 22.20.1
        version: 22.20.1

  packages/db: {}

  packages/domain: {}

  packages/line: {}

packages:

  '@emnapi/runtime@1.11.3':
    resolution: {integrity: sha512-Xz4Tpyki7XyrpbUK1jR1AhdAdaXyhhY4lZ3neLodmhpuWfy2PAQN5B46sAiU4liOXGLkHypn/qU+jvfWSCYYLA==}

  '@eslint-community/eslint-utils@4.10.1':
    resolution: {integrity: sha512-cuadD/MnzYtCQLomCRm95Q3t65vNzK/8MMaGfTPgJkHr9H4qrMgEuRWj2YjSgL6lvkM8YQK3C3XGAsZt0uZfkw==}
    engines: {node: ^12.22.0 || ^14.17.0 || >=16.0.0}
    peerDependencies:
      eslint: ^6.0.0 || ^7.0.0 || >=8.0.0
    peerDependenciesMeta:
      eslint:
        optional: true

  '@eslint-community/regexpp@4.12.2':
    resolution: {integrity: sha512-EriSTlt5OC9/7SXkRSCAhfSxxoSUgBm33OH+IkwbdpgoqsSsUg7y3uh+IICI/Qg4BBWr3U2i39RpmycbxMq4ew==}
    engines: {node: ^12.0.0 || ^14.17.0 || >=16.0.0}

  '@eslint/config-array@0.23.5':
    resolution: {integrity: sha512-Y3kKLvC1dvTOT+oGlqNQ1XLqK6D1HU2YXPc52NmAlJZbMMWDzGYXMiPRJ8TYD39muD/OTjlZmNJ4ib7dvSrMBA==}
    engines: {node: ^20.19.0 || ^22.13.0 || >=24}

  '@eslint/config-helpers@0.7.0':
    resolution: {integrity: sha512-DObd/KKUsU+FaF4PLxSRenpXfQWmPXXP3pPZ6/K1PCrMu2vQpMDMuQe/BqYeoLcz8ro0bVDF1RxOJgfVEdhUw==}
    engines: {node: ^20.19.0 || ^22.13.0 || >=24}

  '@eslint/core@1.2.1':
    resolution: {integrity: sha512-MwcE1P+AZ4C6DWlpin/OmOA54mmIZ/+xZuJiQd4SyB29oAJjN30UW9wkKNptW2ctp4cEsvhlLY/CsQ1uoHDloQ==}
    engines: {node: ^20.19.0 || ^22.13.0 || >=24}

  '@eslint/js@10.0.1':
    resolution: {integrity: sha512-zeR9k5pd4gxjZ0abRoIaxdc7I3nDktoXZk2qOv9gCNWx3mVwEn32VRhyLaRsDiJjTs0xq/T8mfPtyuXu7GWBcA==}
    engines: {node: ^20.19.0 || ^22.13.0 || >=24}
    peerDependencies:
      eslint: ^10.0.0
    peerDependenciesMeta:
      eslint:
        optional: true
